
Microsoft Visual Studio Solution File, Format Version 12.00
# Visual Studio 14
VisualStudioVersion = 14.0.23107.0
MinimumVisualStudioVersion = 10.0.40219.1
Project("{FAE04EC0-301F-11D3-BF4B-00C04F79EFBC}") = "DataModel", "DataModel\DataModel.csproj", "{2FAFDA6E-BA96-4DF9-B900-361811B4FE85}"
EndProject
Project("{FAE04EC0-301F-11D3-BF4B-00C04F79EFBC}") = "BusinessEntities", "BusinessEntities\BusinessEntities.csproj", "{378D4FEB-2B42-4394-8C60-239625E4FDB7}"
EndProject
Project("{FAE04EC0-301F-11D3-BF4B-00C04F79EFBC}") = "BusinessServices", "BusinessServices\BusinessServices.csproj", "{99D81025-7984-40CD-B0B8-1B010E89BEB0}"
EndProject
Project("{FAE04EC0-301F-11D3-BF4B-00C04F79EFBC}") = "WebApplication", "WebApplication\WebApplication.csproj", "{CDB08A13-D687-47CA-971D-850213B83FCB}"
EndProject
Global
	GlobalSection(SolutionConfigurationPlatforms) = preSolution
		Debug|Any CPU = Debug|Any CPU
		Release|Any CPU = Release|Any CPU
	EndGlobalSection
	GlobalSection(ProjectConfigurationPlatforms) = postSolution
		{2FAFDA6E-BA96-4DF9-B900-361811B4FE85}.Debug|Any CPU.ActiveCfg = Debug|Any CPU
		{2FAFDA6E-BA96-4DF9-B900-361811B4FE85}.Debug|Any CPU.Build.0 = Debug|Any CPU
		{2FAFDA6E-BA96-4DF9-B900-361811B4FE85}.Release|Any CPU.ActiveCfg = Release|Any CPU
		{2FAFDA6E-BA96-4DF9-B900-361811B4FE85}.Release|Any CPU.Build.0 = Release|Any CPU
		{378D4FEB-2B42-4394-8C60-239625E4FDB7}.Debug|Any CPU.ActiveCfg = Debug|Any CPU
		{378D4FEB-2B42-4394-8C60-239625E4FDB7}.Debug|Any CPU.Build.0 = Debug|Any CPU
		{378D4FEB-2B42-4394-8C60-239625E4FDB7}.Release|Any CPU.ActiveCfg = Release|Any CPU
		{378D4FEB-2B42-4394-8C60-239625E4FDB7}.Release|Any CPU.Build.0 = Release|Any CPU
		{99D81025-7984-40CD-B0B8-1B010E89BEB0}.Debug|Any CPU.ActiveCfg = Debug|Any CPU
		{99D81025-7984-40CD-B0B8-1B010E89BEB0}.Debug|Any CPU.Build.0 = Debug|Any CPU
		{99D81025-7984-40CD-B0B8-1B010E89BEB0}.Release|Any CPU.ActiveCfg = Release|Any CPU
		{99D81025-7984-40CD-B0B8-1B010E89BEB0}.Release|Any CPU.Build.0 = Release|Any CPU
		{CDB08A13-D687-47CA-971D-850213B83FCB}.Debug|Any CPU.ActiveCfg = Debug|Any CPU
		{CDB08A13-D687-47CA-971D-850213B83FCB}.Debug|Any CPU.Build.0 = Debug|Any CPU
		{CDB08A13-D687-47CA-971D-850213B83FCB}.Release|Any CPU.ActiveCfg = Release|Any CPU
		{CDB08A13-D687-47CA-971D-850213B83FCB}.Release|Any CPU.Build.0 = Release|Any CPU
	EndGlobalSection
	GlobalSection(SolutionProperties) = preSolution
		HideSolutionNode = FALSE
	EndGlobalSection
EndGlobal
